{
  "lockfileVersion": 1,
  "configVersion": 0,
  "workspaces": {
    "": {
      "name": "talk-backend-scripts",
      "dependencies": {
        "dotenv": "^16.4.5",
        "pocketbase": "^0.23.0",
      },
    },
  },
  "packages": {
    "dotenv": ["dotenv@16.6.1", "", {}, "sha512-uBq4egWHTcTt33a72vpSG0z3HnPuIl6NqYcTrKEg2azoEyl2hpW0zqlxysq2pK9HlDIHyHyakeYaYnSAwd8bow=="],

    "pocketbase": ["pocketbase@0.23.0", "", {}, "sha512-S9b/QSKGXsRyL55m8MoXMucPTpMvpOLlOLTSduraIOzwVt8Epp0j7V53a1qW7VbF2pL7PC579DOruxJBWqBYTg=="],
  }
}
