{
  "lockfileVersion": 1,
  "configVersion": 1,
  "workspaces": {
    "": {
      "name": "nokta",
      "dependencies": {
        "@tauri-apps/api": "^2",
        "@tauri-apps/plugin-notification": "^2",
        "@tauri-apps/plugin-store": "^2",
      },
      "devDependencies": {
        "@tauri-apps/cli": "^2",
      },
    },
  },
  "packages": {
    "@tauri-apps/api": ["@tauri-apps/api@2.9.1", "", {}, "sha512-IGlhP6EivjXHepbBic618GOmiWe4URJiIeZFlB7x3czM0yDHHYviH1Xvoiv4FefdkQtn6v7TuwWCRfOGdnVUGw=="],

    "@tauri-apps/cli": ["@tauri-apps/cli@2.9.5", "", { "optionalDependencies": { "@tauri-apps/cli-darwin-arm64": "2.9.5", "@tauri-apps/cli-darwin-x64": "2.9.5", "@tauri-apps/cli-linux-arm-gnueabihf": "2.9.5", "@tauri-apps/cli-linux-arm64-gnu": "2.9.5", "@tauri-apps/cli-linux-arm64-musl": "2.9.5", "@tauri-apps/cli-linux-riscv64-gnu": "2.9.5", "@tauri-apps/cli-linux-x64-gnu": "2.9.5", "@tauri-apps/cli-linux-x64-musl": "2.9.5", "@tauri-apps/cli-win32-arm64-msvc": "2.9.5", "@tauri-apps/cli-win32-ia32-msvc": "2.9.5", "@tauri-apps/cli-win32-x64-msvc": "2.9.5" }, "bin": { "tauri": "tauri.js" } }, "sha512-z88tX6O6kwTgMjYozhNGbehzQyBazgXejyH784CwSfBOWm06xFcogd0PY/jhcPsqzJF9kLRIkmlQy+cqdrioOQ=="],

    "@tauri-apps/cli-darwin-arm64": ["@tauri-apps/cli-darwin-arm64@2.9.5", "", { "os": "darwin", "cpu": "arm64" }, "sha512-P5XDyCwq3VbWGAplyfP/bgmuUITVDcypxgZUyX45SM7HbU1Nrkk0cNK1HCOkuNBAVVbWen2GUNWah/AiupHHXg=="],

    "@tauri-apps/cli-darwin-x64": ["@tauri-apps/cli-darwin-x64@2.9.5", "", { "os": "darwin", "cpu": "x64" }, "sha512-JC9UfQ2ZKavx60dnNxsWztRF3oUH3dgPwN1WJ3/5RUy2aNwD/vXqvJAfNFZ4GWeQpoQ+PqJxduev0U4OMQonnA=="],

    "@tauri-apps/cli-linux-arm-gnueabihf": ["@tauri-apps/cli-linux-arm-gnueabihf@2.9.5", "", { "os": "linux", "cpu": "arm" }, "sha512-iCQm2Uvx8AheghfG/QUv1y8Ga9yquJt6xJwH1uF0x5KfmJmwBi8pHBvB924dDi59PS84qTdIBeJejQT00QX3Iw=="],

    "@tauri-apps/cli-linux-arm64-gnu": ["@tauri-apps/cli-linux-arm64-gnu@2.9.5", "", { "os": "linux", "cpu": "arm64" }, "sha512-b6AW8Gr5nQOQIYH0TsUev7rEThGHIvsx192eElOmOz/dh33J4pninHK32laMj2hzHMJ27qmDq5vANL+wrFo9sg=="],

    "@tauri-apps/cli-linux-arm64-musl": ["@tauri-apps/cli-linux-arm64-musl@2.9.5", "", { "os": "linux", "cpu": "arm64" }, "sha512-/gRBMnphS9E8riZ0LIbBhZ9Oy16A2rx/g3DGR0DcDBvUtkLfbL0lMu4s+sY85nkn9An15+cZ1ZK6d7AIqWahLA=="],

    "@tauri-apps/cli-linux-riscv64-gnu": ["@tauri-apps/cli-linux-riscv64-gnu@2.9.5", "", { "os": "linux", "cpu": "none" }, "sha512-NOzjPF9YIBodjdkFcJmqINT0k3YDoR5ANM/jg6Z6s3Zmk8ScN6inI60jTxcfgfWyITiKsPy7GJyYou3Cm2XNzw=="],

    "@tauri-apps/cli-linux-x64-gnu": ["@tauri-apps/cli-linux-x64-gnu@2.9.5", "", { "os": "linux", "cpu": "x64" }, "sha512-SfGbwgvTphM5y+J91NyU/psleMUlyyPkZyDCFg8WU1HX8DpKUT3Vwhb/W1xpUBGb56tJgGCO46FCVkr8w4Areg=="],

    "@tauri-apps/cli-linux-x64-musl": ["@tauri-apps/cli-linux-x64-musl@2.9.5", "", { "os": "linux", "cpu": "x64" }, "sha512-ZfeoiASAOGDzyvN+TDAg8A1pCeS082h4uc0vZKvtWUN+9QBIMfz0yJwltAv+SN/afap6NS6DVkbPV3UVuI9V5A=="],

    "@tauri-apps/cli-win32-arm64-msvc": ["@tauri-apps/cli-win32-arm64-msvc@2.9.5", "", { "os": "win32", "cpu": "arm64" }, "sha512-ulg7irow+ekjaK4inFHVq7m1KQebDSYNb17DFKV+h+x7qnLZymz2gHK7df2u4YyEjqvzwRd3AJpU3HNxRurSFQ=="],

    "@tauri-apps/cli-win32-ia32-msvc": ["@tauri-apps/cli-win32-ia32-msvc@2.9.5", "", { "os": "win32", "cpu": "ia32" }, "sha512-6lF0k/Qduhn1Z3IOXlp2ts8jNOMIX4cK4Fbk3axGeX7LMcVVbOSEAFwbTqS8BKZDFac0WRS8N1C96+Ms5LOS1Q=="],

    "@tauri-apps/cli-win32-x64-msvc": ["@tauri-apps/cli-win32-x64-msvc@2.9.5", "", { "os": "win32", "cpu": "x64" }, "sha512-Vg50U74x1A4b2iBVtDcAVPbI1XVuzSmwlduuBM1VewxtRaVj5GDzWnYtBcnuIk+VGzNApRDfDhraAXGaW2a/Gw=="],

    "@tauri-apps/plugin-notification": ["@tauri-apps/plugin-notification@2.3.3", "", { "dependencies": { "@tauri-apps/api": "^2.8.0" } }, "sha512-Zw+ZH18RJb41G4NrfHgIuofJiymusqN+q8fGUIIV7vyCH+5sSn5coqRv/MWB9qETsUs97vmU045q7OyseCV3Qg=="],

    "@tauri-apps/plugin-store": ["@tauri-apps/plugin-store@2.4.1", "", { "dependencies": { "@tauri-apps/api": "^2.8.0" } }, "sha512-ckGSEzZ5Ii4Hf2D5x25Oqnm2Zf9MfDWAzR+volY0z/OOBz6aucPKEY0F649JvQ0Vupku6UJo7ugpGRDOFOunkA=="],
  }
}
